// !$*UTF8*$!
{
	archiveVersion = 1;
	classes = {
	};
	objectVersion = 50;
	objects = {

/* Begin PBXBuildFile section */
		17C9A97823730B6F006C5CB2 /* AppDelegate.swift in Sources */ = {isa = PBXBuildFile; fileRef = 17C9A97723730B6F006C5CB2 /* AppDelegate.swift */; };
		17C9A97A23730B6F006C5CB2 /* SceneDelegate.swift in Sources */ = {isa = PBXBuildFile; fileRef = 17C9A97923730B6F006C5CB2 /* SceneDelegate.swift */; };
		17C9A97C23730B6F006C5CB2 /* ViewController.swift in Sources */ = {isa = PBXBuildFile; fileRef = 17C9A97B23730B6F006C5CB2 /* ViewController.swift */; };
		17C9A97F23730B6F006C5CB2 /* Main.storyboard in Resources */ = {isa = PBXBuildFile; fileRef = 17C9A97D23730B6F006C5CB2 /* Main.storyboard */; };
		17C9A98123730B76006C5CB2 /* Assets.xcassets in Resources */ = {isa = PBXBuildFile; fileRef = 17C9A98023730B76006C5CB2 /* Assets.xcassets */; };
		17C9A98423730B76006C5CB2 /* LaunchScreen.storyboard in Resources */ = {isa = PBXBuildFile; fileRef = 17C9A98223730B76006C5CB2 /* LaunchScreen.storyboard */; };
		17C9A98F23730B77006C5CB2 /* Midterm_1Tests.swift in Sources */ = {isa = PBXBuildFile; fileRef = 17C9A98E23730B77006C5CB2 /* Midterm_1Tests.swift */; };
		17C9A99A23730B77006C5CB2 /* Midterm_1UITests.swift in Sources */ = {isa = PBXBuildFile; fileRef = 17C9A99923730B77006C5CB2 /* Midterm_1UITests.swift */; };
		17C9A9AC2373DAEF006C5CB2 /* SliderViewController.swift in Sources */ = {isa = PBXBuildFile; fileRef = 17C9A9AB2373DAEF006C5CB2 /* SliderViewController.swift */; };
/* End PBXBuildFile section */

/* Begin PBXContainerItemProxy section */
		17C9A98B23730B77006C5CB2 /* PBXContainerItemProxy */ = {
			isa = PBXContainerItemProxy;
			containerPortal = 17C9A96C23730B6F006C5CB2 /* Project object */;
			proxyType = 1;
			remoteGlobalIDString = 17C9A97323730B6F006C5CB2;
			remoteInfo = "Midterm-1";
		};
		17C9A99623730B77006C5CB2 /* PBXContainerItemProxy */ = {
			isa = PBXContainerItemProxy;
			containerPortal = 17C9A96C23730B6F006C5CB2 /* Project object */;
			proxyType = 1;
			remoteGlobalIDString = 17C9A97323730B6F006C5CB2;
			remoteInfo = "Midterm-1";
		};
/* End PBXContainerItemProxy section */

/* Begin PBXFileReference section */
		17C9A97423730B6F006C5CB2 /* Midterm-1.app */ = {isa = PBXFileReference; explicitFileType = wrapper.application; includeInIndex = 0; path = "Midterm-1.app"; sourceTree = BUILT_PRODUCTS_DIR; };
		17C9A97723730B6F006C5CB2 /* AppDelegate.swift */ = {isa = PBXFileReference; lastKnownFileType = sourcecode.swift; path = AppDelegate.swift; sourceTree = "<group>"; };
		17C9A97923730B6F006C5CB2 /* SceneDelegate.swift */ = {isa = PBXFileReference; lastKnownFileType = sourcecode.swift; path = SceneDelegate.swift; sourceTree = "<group>"; };
		17C9A97B23730B6F006C5CB2 /* ViewController.swift */ = {isa = PBXFileReference; lastKnownFileType = sourcecode.swift; path = ViewController.swift; sourceTree = "<group>"; };
		17C9A97E23730B6F006C5CB2 /* Base */ = {isa = PBXFileReference; lastKnownFileType = file.storyboard; name = Base; path = Base.lproj/Main.storyboard; sourceTree = "<group>"; };
		17C9A98023730B76006C5CB2 /* Assets.xcassets */ = {isa = PBXFileReference; lastKnownFileType = folder.assetcatalog; path = Assets.xcassets; sourceTree = "<group>"; };
		17C9A98323730B76006C5CB2 /* Base */ = {isa = PBXFileReference; lastKnownFileType = file.storyboard; name = Base; path = Base.lproj/LaunchScreen.storyboard; sourceTree = "<group>"; };
		17C9A98523730B76006C5CB2 /* Info.plist */ = {isa = PBXFileReference; lastKnownFileType = text.plist.xml; path = Info.plist; sourceTree = "<group>"; };
		17C9A98A23730B77006C5CB2 /* Midterm-1Tests.xctest */ = {isa = PBXFileReference; explicitFileType = wrapper.cfbundle; includeInIndex = 0; path = "Midterm-1Tests.xctest"; sourceTree = BUILT_PRODUCTS_DIR; };
		17C9A98E23730B77006C5CB2 /* Midterm_1Tests.swift */ = {isa = PBXFileReference; lastKnownFileType = sourcecode.swift; path = Midterm_1Tests.swift; sourceTree = "<group>"; };
		17C9A99023730B77006C5CB2 /* Info.plist */ = {isa = PBXFileReference; lastKnownFileType = text.plist.xml; path = Info.plist; sourceTree = "<group>"; };
		17C9A99523730B77006C5CB2 /* Midterm-1UITests.xctest */ = {isa = PBXFileReference; explicitFileType = wrapper.cfbundle; includeInIndex = 0; path = "Midterm-1UITests.xctest"; sourceTree = BUILT_PRODUCTS_DIR; };
		17C9A99923730B77006C5CB2 /* Midterm_1UITests.swift */ = {isa = PBXFileReference; lastKnownFileType = sourcecode.swift; path = Midterm_1UITests.swift; sourceTree = "<group>"; };
		17C9A99B23730B77006C5CB2 /* Info.plist */ = {isa = PBXFileReference; lastKnownFileType = text.plist.xml; path = Info.plist; sourceTree = "<group>"; };
		17C9A9AB2373DAEF006C5CB2 /* SliderViewController.swift */ = {isa = PBXFileReference; lastKnownFileType = sourcecode.swift; path = SliderViewController.swift; sourceTree = "<group>"; };
/* End PBXFileReference section */

/* Begin PBXFrameworksBuildPhase section */
		17C9A97123730B6F006C5CB2 /* Frameworks */ = {
			isa = PBXFrameworksBuildPhase;
			buildActionMask = 2147483647;
			files = (
			);
			runOnlyForDeploymentPostprocessing = 0;
		};
		17C9A98723730B77006C5CB2 /* Frameworks */ = {
			isa = PBXFrameworksBuildPhase;
			buildActionMask = 2147483647;
			files = (
			);
			runOnlyForDeploymentPostprocessing = 0;
		};
		17C9A99223730B77006C5CB2 /* Frameworks */ = {
			isa = PBXFrameworksBuildPhase;
			buildActionMask = 2147483647;
			files = (
			);
			runOnlyForDeploymentPostprocessing = 0;
		};
/* End PBXFrameworksBuildPhase section */

/* Begin PBXGroup section */
		17C9A96B23730B6F006C5CB2 = {
			isa = PBXGroup;
			children = (
				17C9A97623730B6F006C5CB2 /* Midterm-1 */,
				17C9A98D23730B77006C5CB2 /* Midterm-1Tests */,
				17C9A99823730B77006C5CB2 /* Midterm-1UITests */,
				17C9A97523730B6F006C5CB2 /* Products */,
			);
			sourceTree = "<group>";
		};
		17C9A97523730B6F006C5CB2 /* Products */ = {
			isa = PBXGroup;
			children = (
				17C9A97423730B6F006C5CB2 /* Midterm-1.app */,
				17C9A98A23730B77006C5CB2 /* Midterm-1Tests.xctest */,
				17C9A99523730B77006C5CB2 /* Midterm-1UITests.xctest */,
			);
			name = Products;
			sourceTree = "<group>";
		};
		17C9A97623730B6F006C5CB2 /* Midterm-1 */ = {
			isa = PBXGroup;
			children = (
				17C9A97723730B6F006C5CB2 /* AppDelegate.swift */,
				17C9A97923730B6F006C5CB2 /* SceneDelegate.swift */,
				17C9A97B23730B6F006C5CB2 /* ViewController.swift */,
				17C9A97D23730B6F006C5CB2 /* Main.storyboard */,
				17C9A98023730B76006C5CB2 /* Assets.xcassets */,
				17C9A98223730B76006C5CB2 /* LaunchScreen.storyboard */,
				17C9A98523730B76006C5CB2 /* Info.plist */,
				17C9A9AB2373DAEF006C5CB2 /* SliderViewController.swift */,
			);
			path = "Midterm-1";
			sourceTree = "<group>";
		};
		17C9A98D23730B77006C5CB2 /* Midterm-1Tests */ = {
			isa = PBXGroup;
			children = (
				17C9A98E23730B77006C5CB2 /* Midterm_1Tests.swift */,
				17C9A99023730B77006C5CB2 /* Info.plist */,
			);
			path = "Midterm-1Tests";
			sourceTree = "<group>";
		};
		17C9A99823730B77006C5CB2 /* Midterm-1UITests */ = {
			isa = PBXGroup;
			children = (
				17C9A99923730B77006C5CB2 /* Midterm_1UITests.swift */,
				17C9A99B23730B77006C5CB2 /* Info.plist */,
			);
			path = "Midterm-1UITests";
			sourceTree = "<group>";
		};
/* End PBXGroup section */

/* Begin PBXNativeTarget section */
		17C9A97323730B6F006C5CB2 /* Midterm-1 */ = {
			isa = PBXNativeTarget;
			buildConfigurationList = 17C9A99E23730B77006C5CB2 /* Build configuration list for PBXNativeTarget "Midterm-1" */;
			buildPhases = (
				17C9A97023730B6F006C5CB2 /* Sources */,
				17C9A97123730B6F006C5CB2 /* Frameworks */,
				17C9A97223730B6F006C5CB2 /* Resources */,
			);
			buildRules = (
			);
			dependencies = (
			);
			name = "Midterm-1";
			productName = "Midterm-1";
			productReference = 17C9A97423730B6F006C5CB2 /* Midterm-1.app */;
			productType = "com.apple.product-type.application";
		};
		17C9A98923730B77006C5CB2 /* Midterm-1Tests */ = {
			isa = PBXNativeTarget;
			buildConfigurationList = 17C9A9A123730B77006C5CB2 /* Build configuration list for PBXNativeTarget "Midterm-1Tests" */;
			buildPhases = (
				17C9A98623730B77006C5CB2 /* Sources */,
				17C9A98723730B77006C5CB2 /* Frameworks */,
				17C9A98823730B77006C5CB2 /* Resources */,
			);
			buildRules = (
			);
			dependencies = (
				17C9A98C23730B77006C5CB2 /* PBXTargetDependency */,
			);
			name = "Midterm-1Tests";
			productName = "Midterm-1Tests";
			productReference = 17C9A98A23730B77006C5CB2 /* Midterm-1Tests.xctest */;
			productType = "com.apple.product-type.bundle.unit-test";
		};
		17C9A99423730B77006C5CB2 /* Midterm-1UITests */ = {
			isa = PBXNativeTarget;
			buildConfigurationList = 17C9A9A423730B77006C5CB2 /* Build configuration list for PBXNativeTarget "Midterm-1UITests" */;
			buildPhases = (
				17C9A99123730B77006C5CB2 /* Sources */,
				17C9A99223730B77006C5CB2 /* Frameworks */,
				17C9A99323730B77006C5CB2 /* Resources */,
			);
			buildRules = (
			);
			dependencies = (
				17C9A99723730B77006C5CB2 /* PBXTargetDependency */,
			);
			name = "Midterm-1UITests";
			productName = "Midterm-1UITests";
			productReference = 17C9A99523730B77006C5CB2 /* Midterm-1UITests.xctest */;
			productType = "com.apple.product-type.bundle.ui-testing";
		};
/* End PBXNativeTarget section */

/* Begin PBXProject section */
		17C9A96C23730B6F006C5CB2 /* Project object */ = {
			isa = PBXProject;
			attributes = {
				LastSwiftUpdateCheck = 1120;
				LastUpgradeCheck = 1120;
				ORGANIZATIONNAME = JeffreyNeilDsouza;
				TargetAttributes = {
					17C9A97323730B6F006C5CB2 = {
						CreatedOnToolsVersion = 11.2;
					};
					17C9A98923730B77006C5CB2 = {
						CreatedOnToolsVersion = 11.2;
						TestTargetID = 17C9A97323730B6F006C5CB2;
					};
					17C9A99423730B77006C5CB2 = {
						CreatedOnToolsVersion = 11.2;
						TestTargetID = 17C9A97323730B6F006C5CB2;
					};
				};
			};
			buildConfigurationList = 17C9A96F23730B6F006C5CB2 /* Build configuration list for PBXProject "Midterm-1" */;
			compatibilityVersion = "Xcode 9.3";
			developmentRegion = en;
			hasScannedForEncodings = 0;
			knownRegions = (
				en,
				Base,
			);
			mainGroup = 17C9A96B23730B6F006C5CB2;
			productRefGroup = 17C9A97523730B6F006C5CB2 /* Products */;
			projectDirPath = "";
			projectRoot = "";
			targets = (
				17C9A97323730B6F006C5CB2 /* Midterm-1 */,
				17C9A98923730B77006C5CB2 /* Midterm-1Tests */,
				17C9A99423730B77006C5CB2 /* Midterm-1UITests */,
			);
		};
/* End PBXProject section */

/* Begin PBXResourcesBuildPhase section */
		17C9A97223730B6F006C5CB2 /* Resources */ = {
			isa = PBXResourcesBuildPhase;
			buildActionMask = 2147483647;
			files = (
				17C9A98423730B76006C5CB2 /* LaunchScreen.storyboard in Resources */,
				17C9A98123730B76006C5CB2 /* Assets.xcassets in Resources */,
				17C9A97F23730B6F006C5CB2 /* Main.storyboard in Resources */,
			);
			runOnlyForDeploymentPostprocessing = 0;
		};
		17C9A98823730B77006C5CB2 /* Resources */ = {
			isa = PBXResourcesBuildPhase;
			buildActionMask = 2147483647;
			files = (
			);
			runOnlyForDeploymentPostprocessing = 0;
		};
		17C9A99323730B77006C5CB2 /* Resources */ = {
			isa = PBXResourcesBuildPhase;
			buildActionMask = 2147483647;
			files = (
			);
			runOnlyForDeploymentPostprocessing = 0;
		};
/* End PBXResourcesBuildPhase section */

/* Begin PBXSourcesBuildPhase section */
		17C9A97023730B6F006C5CB2 /* Sources */ = {
			isa = PBXSourcesBuildPhase;
			buildActionMask = 2147483647;
			files = (
				17C9A97C23730B6F006C5CB2 /* ViewController.swift in Sources */,
				17C9A97823730B6F006C5CB2 /* AppDelegate.swift in Sources */,
				17C9A97A23730B6F006C5CB2 /* SceneDelegate.swift in Sources */,
				17C9A9AC2373DAEF006C5CB2 /* SliderViewController.swift in Sources */,
			);
			runOnlyForDeploymentPostprocessing = 0;
		};
		17C9A98623730B77006C5CB2 /* Sources */ = {
			isa = PBXSourcesBuildPhase;
			buildActionMask = 2147483647;
			files = (
				17C9A98F23730B77006C5CB2 /* Midterm_1Tests.swift in Sources */,
			);
			runOnlyForDeploymentPostprocessing = 0;
		};
		17C9A99123730B77006C5CB2 /* Sources */ = {
			isa = PBXSourcesBuildPhase;
			buildActionMask = 2147483647;
			files = (
				17C9A99A23730B77006C5CB2 /* Midterm_1UITests.swift in Sources */,
			);
			runOnlyForDeploymentPostprocessing = 0;
		};
/* End PBXSourcesBuildPhase section */

/* Begin PBXTargetDependency section */
		17C9A98C23730B77006C5CB2 /* PBXTargetDependency */ = {
			isa = PBXTargetDependency;
			target = 17C9A97323730B6F006C5CB2 /* Midterm-1 */;
			targetProxy = 17C9A98B23730B77006C5CB2 /* PBXContainerItemProxy */;
		};
		17C9A99723730B77006C5CB2 /* PBXTargetDependency */ = {
			isa = PBXTargetDependency;
			target = 17C9A97323730B6F006C5CB2 /* Midterm-1 */;
			targetProxy = 17C9A99623730B77006C5CB2 /* PBXContainerItemProxy */;
		};
/* End PBXTargetDependency section */

/* Begin PBXVariantGroup section */
		17C9A97D23730B6F006C5CB2 /* Main.storyboard */ = {
			isa = PBXVariantGroup;
			children = (
				17C9A97E23730B6F006C5CB2 /* Base */,
			);
			name = Main.storyboard;
			sourceTree = "<group>";
		};
		17C9A98223730B76006C5CB2 /* LaunchScreen.storyboard */ = {
			isa = PBXVariantGroup;
			children = (
				17C9A98323730B76006C5CB2 /* Base */,
			);
			name = LaunchScreen.storyboard;
			sourceTree = "<group>";
		};
/* End PBXVariantGroup section */

/* Begin XCBuildConfiguration section */
		17C9A99C23730B77006C5CB2 /* Debug */ = {
			isa = XCBuildConfiguration;
			buildSettings = {
				ALWAYS_SEARCH_USER_PATHS = NO;
				CLANG_ANALYZER_NONNULL = YES;
				CLANG_ANALYZER_NUMBER_OBJECT_CONVERSION = YES_AGGRESSIVE;
				CLANG_CXX_LANGUAGE_STANDARD = "gnu++14";
				CLANG_CXX_LIBRARY = "libc++";
				CLANG_ENABLE_MODULES = YES;
				CLANG_ENABLE_OBJC_ARC = YES;
				CLANG_ENABLE_OBJC_WEAK = YES;
				CLANG_WARN_BLOCK_CAPTURE_AUTORELEASING = YES;
				CLANG_WARN_BOOL_CONVERSION = YES;
				CLANG_WARN_COMMA = YES;
				CLANG_WARN_CONSTANT_CONVERSION = YES;
				CLANG_WARN_DEPRECATED_OBJC_IMPLEMENTATIONS = YES;
				CLANG_WARN_DIRECT_OBJC_ISA_USAGE = YES_ERROR;
				CLANG_WARN_DOCUMENTATION_COMMENTS = YES;
				CLANG_WARN_EMPTY_BODY = YES;
				CLANG_WARN_ENUM_CONVERSION = YES;
				CLANG_WARN_INFINITE_RECURSION = YES;
				CLANG_WARN_INT_CONVERSION = YES;
				CLANG_WARN_NON_LITERAL_NULL_CONVERSION = YES;
				CLANG_WARN_OBJC_IMPLICIT_RETAIN_SELF = YES;
				CLANG_WARN_OBJC_LITERAL_CONVERSION = YES;
				CLANG_WARN_OBJC_ROOT_CLASS = YES_ERROR;
				CLANG_WARN_RANGE_LOOP_ANALYSIS = YES;
				CLANG_WARN_STRICT_PROTOTYPES = YES;
				CLANG_WARN_SUSPICIOUS_MOVE = YES;
				CLANG_WARN_UNGUARDED_AVAILABILITY = YES_AGGRESSIVE;
				CLANG_WARN_UNREACHABLE_CODE = YES;
				CLANG_WARN__DUPLICATE_METHOD_MATCH = YES;
				COPY_PHASE_STRIP = NO;
				DEBUG_INFORMATION_FORMAT = dwarf;
				ENABLE_STRICT_OBJC_MSGSEND = YES;
				ENABLE_TESTABILITY = YES;
				GCC_C_LANGUAGE_STANDARD = gnu11;
				GCC_DYNAMIC_NO_PIC = NO;
				GCC_NO_COMMON_BLOCKS = YES;
				GCC_OPTIMIZATION_LEVEL = 0;
				GCC_PREPROCESSOR_DEFINITIONS = (
					"DEBUG=1",
					"$(inherited)",
				);
				GCC_WARN_64_TO_32_BIT_CONVERSION = YES;
				GCC_WARN_ABOUT_RETURN_TYPE = YES_ERROR;
				GCC_WARN_UNDECLARED_SELECTOR = YES;
				GCC_WARN_UNINITIALIZED_AUTOS = YES_AGGRESSIVE;
				GCC_WARN_UNUSED_FUNCTION = YES;
				GCC_WARN_UNUSED_VARIABLE = YES;
				IPHONEOS_DEPLOYMENT_TARGET = 13.2;
				MTL_ENABLE_DEBUG_INFO = INCLUDE_SOURCE;
				MTL_FAST_MATH = YES;
				ONLY_ACTIVE_ARCH = YES;
				SDKROOT = iphoneos;
				SWIFT_ACTIVE_COMPILATION_CONDITIONS = DEBUG;
				SWIFT_OPTIMIZATION_LEVEL = "-Onone";
			};
			name = Debug;
		};
		17C9A99D23730B77006C5CB2 /* Release */ = {
			isa = XCBuildConfiguration;
			buildSettings = {
				ALWAYS_SEARCH_USER_PATHS = NO;
				CLANG_ANALYZER_NONNULL = YES;
				CLANG_ANALYZER_NUMBER_OBJECT_CONVERSION = YES_AGGRESSIVE;
				CLANG_CXX_LANGUAGE_STANDARD = "gnu++14";
				CLANG_CXX_LIBRARY = "libc++";
				CLANG_ENABLE_MODULES = YES;
				CLANG_ENABLE_OBJC_ARC = YES;
				CLANG_ENABLE_OBJC_WEAK = YES;
				CLANG_WARN_BLOCK_CAPTURE_AUTORELEASING = YES;
				CLANG_WARN_BOOL_CONVERSION = YES;
				CLANG_WARN_COMMA = YES;
				CLANG_WARN_CONSTANT_CONVERSION = YES;
				CLANG_WARN_DEPRECATED_OBJC_IMPLEMENTATIONS = YES;
				CLANG_WARN_DIRECT_OBJC_ISA_USAGE = YES_ERROR;
				CLANG_WARN_DOCUMENTATION_COMMENTS = YES;
				CLANG_WARN_EMPTY_BODY = YES;
				CLANG_WARN_ENUM_CONVERSION = YES;
				CLANG_WARN_INFINITE_RECURSION = YES;
				CLANG_WARN_INT_CONVERSION = YES;
				CLANG_WARN_NON_LITERAL_NULL_CONVERSION = YES;
				CLANG_WARN_OBJC_IMPLICIT_RETAIN_SELF = YES;
				CLANG_WARN_OBJC_LITERAL_CONVERSION = YES;
				CLANG_WARN_OBJC_ROOT_CLASS = YES_ERROR;
				CLANG_WARN_RANGE_LOOP_ANALYSIS = YES;
				CLANG_WARN_STRICT_PROTOTYPES = YES;
				CLANG_WARN_SUSPICIOUS_MOVE = YES;
				CLANG_WARN_UNGUARDED_AVAILABILITY = YES_AGGRESSIVE;
				CLANG_WARN_UNREACHABLE_CODE = YES;
				CLANG_WARN__DUPLICATE_METHOD_MATCH = YES;
				COPY_PHASE_STRIP = NO;
				DEBUG_INFORMATION_FORMAT = "dwarf-with-dsym";
				ENABLE_NS_ASSERTIONS = NO;
				ENABLE_STRICT_OBJC_MSGSEND = YES;
				GCC_C_LANGUAGE_STANDARD = gnu11;
				GCC_NO_COMMON_BLOCKS = YES;
				GCC_WARN_64_TO_32_BIT_CONVERSION = YES;
				GCC_WARN_ABOUT_RETURN_TYPE = YES_ERROR;
				GCC_WARN_UNDECLARED_SELECTOR = YES;
				GCC_WARN_UNINITIALIZED_AUTOS = YES_AGGRESSIVE;
				GCC_WARN_UNUSED_FUNCTION = YES;
				GCC_WARN_UNUSED_VARIABLE = YES;
				IPHONEOS_DEPLOYMENT_TARGET = 13.2;
				MTL_ENABLE_DEBUG_INFO = NO;
				MTL_FAST_MATH = YES;
				SDKROOT = iphoneos;
				SWIFT_COMPILATION_MODE = wholemodule;
				SWIFT_OPTIMIZATION_LEVEL = "-O";
				VALIDATE_PRODUCT = YES;
			};
			name = Release;
		};
		17C9A99F23730B77006C5CB2 /* Debug */ = {
			isa = XCBuildConfiguration;
			buildSettings = {
				ASSETCATALOG_COMPILER_APPICON_NAME = AppIcon;
				CODE_SIGN_STYLE = Automatic;
				INFOPLIST_FILE = "Midterm-1/Info.plist";
				LD_RUNPATH_SEARCH_PATHS = (
					"$(inherited)",
					"@executable_path/Frameworks",
				);
				PRODUCT_BUNDLE_IDENTIFIER = "JeffreyNeilDsouza.Midterm-1";
				PRODUCT_NAME = "$(TARGET_NAME)";
				SWIFT_VERSION = 5.0;
				TARGETED_DEVICE_FAMILY = "1,2";
			};
			name = Debug;
		};
		17C9A9A023730B77006C5CB2 /* Release */ = {
			isa = XCBuildConfiguration;
			buildSettings = {
				ASSETCATALOG_COMPILER_APPICON_NAME = AppIcon;
				CODE_SIGN_STYLE = Automatic;
				INFOPLIST_FILE = "Midterm-1/Info.plist";
				LD_RUNPATH_SEARCH_PATHS = (
					"$(inherited)",
					"@executable_path/Frameworks",
				);
				PRODUCT_BUNDLE_IDENTIFIER = "JeffreyNeilDsouza.Midterm-1";
				PRODUCT_NAME = "$(TARGET_NAME)";
				SWIFT_VERSION = 5.0;
				TARGETED_DEVICE_FAMILY = "1,2";
			};
			name = Release;
		};
		17C9A9A223730B77006C5CB2 /* Debug */ = {
			isa = XCBuildConfiguration;
			buildSettings = {
				ALWAYS_EMBED_SWIFT_STANDARD_LIBRARIES = YES;
				BUNDLE_LOADER = "$(TEST_HOST)";
				CODE_SIGN_STYLE = Automatic;
				INFOPLIST_FILE = "Midterm-1Tests/Info.plist";
				IPHONEOS_DEPLOYMENT_TARGET = 13.2;
				LD_RUNPATH_SEARCH_PATHS = (
					"$(inherited)",
					"@executable_path/Frameworks",
					"@loader_path/Frameworks",
				);
				PRODUCT_BUNDLE_IDENTIFIER = "JeffreyNeilDsouza.Midterm-1Tests";
				PRODUCT_NAME = "$(TARGET_NAME)";
				SWIFT_VERSION = 5.0;
				TARGETED_DEVICE_FAMILY = "1,2";
				TEST_HOST = "$(BUILT_PRODUCTS_DIR)/Midterm-1.app/Midterm-1";
			};
			name = Debug;
		};
		17C9A9A323730B77006C5CB2 /* Release */ = {
			isa = XCBuildConfiguration;
			buildSettings = {
				ALWAYS_EMBED_SWIFT_STANDARD_LIBRARIES = YES;
				BUNDLE_LOADER = "$(TEST_HOST)";
				CODE_SIGN_STYLE = Automatic;
				INFOPLIST_FILE = "Midterm-1Tests/Info.plist";
				IPHONEOS_DEPLOYMENT_TARGET = 13.2;
				LD_RUNPATH_SEARCH_PATHS = (
					"$(inherited)",
					"@executable_path/Frameworks",
					"@loader_path/Frameworks",
				);
				PRODUCT_BUNDLE_IDENTIFIER = "JeffreyNeilDsouza.Midterm-1Tests";
				PRODUCT_NAME = "$(TARGET_NAME)";
				SWIFT_VERSION = 5.0;
				TARGETED_DEVICE_FAMILY = "1,2";
				TEST_HOST = "$(BUILT_PRODUCTS_DIR)/Midterm-1.app/Midterm-1";
			};
			name = Release;
		};
		17C9A9A523730B77006C5CB2 /* Debug */ = {
			isa = XCBuildConfiguration;
			buildSettings = {
				ALWAYS_EMBED_SWIFT_STANDARD_LIBRARIES = YES;
				CODE_SIGN_STYLE = Automatic;
				INFOPLIST_FILE = "Midterm-1UITests/Info.plist";
				LD_RUNPATH_SEARCH_PATHS = (
					"$(inherited)",
					"@executable_path/Frameworks",
					"@loader_path/Frameworks",
				);
				PRODUCT_BUNDLE_IDENTIFIER = "JeffreyNeilDsouza.Midterm-1UITests";
				PRODUCT_NAME = "$(TARGET_NAME)";
				SWIFT_VERSION = 5.0;
				TARGETED_DEVICE_FAMILY = "1,2";
				TEST_TARGET_NAME = "Midterm-1";
			};
			name = Debug;
		};
		17C9A9A623730B77006C5CB2 /* Release */ = {
			isa = XCBuildConfiguration;
			buildSettings = {
				ALWAYS_EMBED_SWIFT_STANDARD_LIBRARIES = YES;
				CODE_SIGN_STYLE = Automatic;
				INFOPLIST_FILE = "Midterm-1UITests/Info.plist";
				LD_RUNPATH_SEARCH_PATHS = (
					"$(inherited)",
					"@executable_path/Frameworks",
					"@loader_path/Frameworks",
				);
				PRODUCT_BUNDLE_IDENTIFIER = "JeffreyNeilDsouza.Midterm-1UITests";
				PRODUCT_NAME = "$(TARGET_NAME)";
				SWIFT_VERSION = 5.0;
				TARGETED_DEVICE_FAMILY = "1,2";
				TEST_TARGET_NAME = "Midterm-1";
			};
			name = Release;
		};
/* End XCBuildConfiguration section */

/* Begin XCConfigurationList section */
		17C9A96F23730B6F006C5CB2 /* Build configuration list for PBXProject "Midterm-1" */ = {
			isa = XCConfigurationList;
			buildConfigurations = (
				17C9A99C23730B77006C5CB2 /* Debug */,
				17C9A99D23730B77006C5CB2 /* Release */,
			);
			defaultConfigurationIsVisible = 0;
			defaultConfigurationName = Release;
		};
		17C9A99E23730B77006C5CB2 /* Build configuration list for PBXNativeTarget "Midterm-1" */ = {
			isa = XCConfigurationList;
			buildConfigurations = (
				17C9A99F23730B77006C5CB2 /* Debug */,
				17C9A9A023730B77006C5CB2 /* Release */,
			);
			defaultConfigurationIsVisible = 0;
			defaultConfigurationName = Release;
		};
		17C9A9A123730B77006C5CB2 /* Build configuration list for PBXNativeTarget "Midterm-1Tests" */ = {
			isa = XCConfigurationList;
			buildConfigurations = (
				17C9A9A223730B77006C5CB2 /* Debug */,
				17C9A9A323730B77006C5CB2 /* Release */,
			);
			defaultConfigurationIsVisible = 0;
			defaultConfigurationName = Release;
		};
		17C9A9A423730B77006C5CB2 /* Build configuration list for PBXNativeTarget "Midterm-1UITests" */ = {
			isa = XCConfigurationList;
			buildConfigurations = (
				17C9A9A523730B77006C5CB2 /* Debug */,
				17C9A9A623730B77006C5CB2 /* Release */,
			);
			defaultConfigurationIsVisible = 0;
			defaultConfigurationName = Release;
		};
/* End XCConfigurationList section */
	};
	rootObject = 17C9A96C23730B6F006C5CB2 /* Project object */;
}
